
Microsoft Visual Studio Solution File, Format Version 12.00
# Visual Studio 15
VisualStudioVersion = 15.0.28307.1022
MinimumVisualStudioVersion = 10.0.40219.1
Project("{FAE04EC0-301F-11D3-BF4B-00C04F79EFBC}") = "Programowanko", "Programowanko\Programowanko.csproj", "{5754FCC4-5D6C-410B-A0DA-443242091F95}"
EndProject
Global
	GlobalSection(SolutionConfigurationPlatforms) = preSolution
		Debug|Any CPU = Debug|Any CPU
		Release|Any CPU = Release|Any CPU
		Description = Projekt na podstawy programowania
	EndGlobalSection
	GlobalSection(ProjectConfigurationPlatforms) = postSolution
		{5754FCC4-5D6C-410B-A0DA-443242091F95}.Debug|Any CPU.ActiveCfg = Debug|Any CPU
		{5754FCC4-5D6C-410B-A0DA-443242091F95}.Debug|Any CPU.Build.0 = Debug|Any CPU
		{5754FCC4-5D6C-410B-A0DA-443242091F95}.Release|Any CPU.ActiveCfg = Release|Any CPU
		{5754FCC4-5D6C-410B-A0DA-443242091F95}.Release|Any CPU.Build.0 = Release|Any CPU
	EndGlobalSection
	GlobalSection(SolutionProperties) = preSolution
		HideSolutionNode = FALSE
	EndGlobalSection
	GlobalSection(ExtensibilityGlobals) = postSolution
		SolutionGuid = {F4B17099-7FE7-40D3-BE0C-23EBEA2FE714}
	EndGlobalSection
EndGlobal
